
Microsoft Visual Studio Solution File, Format Version 12.00
# Visual Studio Version 17
VisualStudioVersion = 17.4.33103.184
MinimumVisualStudioVersion = 10.0.40219.1
Project("{FAE04EC0-301F-11D3-BF4B-00C04F79EFBC}") = "SnakeGame", "SnakeGame\SnakeGame.csproj", "{73816B9F-36DC-4C71-8673-B781381B0EAE}"
EndProject
Global
	GlobalSection(SolutionConfigurationPlatforms) = preSolution
		Debug|Any CPU = Debug|Any CPU
		Release|Any CPU = Release|Any CPU
	EndGlobalSection
	GlobalSection(ProjectConfigurationPlatforms) = postSolution
		{73816B9F-36DC-4C71-8673-B781381B0EAE}.Debug|Any CPU.ActiveCfg = Debug|Any CPU
		{73816B9F-36DC-4C71-8673-B781381B0EAE}.Debug|Any CPU.Build.0 = Debug|Any CPU
		{73816B9F-36DC-4C71-8673-B781381B0EAE}.Release|Any CPU.ActiveCfg = Release|Any CPU
		{73816B9F-36DC-4C71-8673-B781381B0EAE}.Release|Any CPU.Build.0 = Release|Any CPU
	EndGlobalSection
	GlobalSection(SolutionProperties) = preSolution
		HideSolutionNode = FALSE
	EndGlobalSection
	GlobalSection(ExtensibilityGlobals) = postSolution
		SolutionGuid = {AA1A4434-9C17-46AE-AF91-245D36366A63}
	EndGlobalSection
EndGlobal
